{
  "nodes": {
    "custom-nixpkgs": {
      "inputs": {
        "nixpkgs": "nixpkgs"
      },
      "locked": {
        "lastModified": 1728925959,
        "narHash": "sha256-AovURYlnJbxqIeX9bdrZ72VwKZGzT0EWSMkCMnBPBqQ=",
        "owner": "Open-Systems-Innovation",
        "repo": "custom-nixpkgs",
        "rev": "1269ec5ea60e2fe4972d13c04d55e185687720e9",
        "type": "github"
      },
      "original": {
        "owner": "Open-Systems-Innovation",
        "repo": "custom-nixpkgs",
        "type": "github"
      }
    },
    "nixpkgs": {
      "locked": {
        "lastModified": 1724098845,
        "narHash": "sha256-D5HwjQw/02fuXbR4LCTo64koglP2j99hkDR79/3yLOE=",
        "owner": "NixOS",
        "repo": "nixpkgs",
        "rev": "f1bad50880bae73ff2d82fafc22010b4fc097a9c",
        "type": "github"
      },
      "original": {
        "owner": "NixOS",
        "ref": "nixos-24.05",
        "repo": "nixpkgs",
        "type": "github"
      }
    },
    "nixpkgs_2": {
      "locked": {
        "lastModified": 1729880355,
        "narHash": "sha256-RP+OQ6koQQLX5nw0NmcDrzvGL8HDLnyXt/jHhL1jwjM=",
        "owner": "NixOS",
        "repo": "nixpkgs",
        "rev": "18536bf04cd71abd345f9579158841376fdd0c5a",
        "type": "github"
      },
      "original": {
        "owner": "NixOS",
        "ref": "nixos-unstable",
        "repo": "nixpkgs",
        "type": "github"
      }
    },
    "root": {
      "inputs": {
        "custom-nixpkgs": "custom-nixpkgs",
        "nixpkgs": "nixpkgs_2"
      }
    }
  },
  "root": "root",
  "version": 7
}
